
Microsoft Visual Studio Solution File, Format Version 12.00
# Visual Studio Version 16
VisualStudioVersion = 16.0.28714.193
MinimumVisualStudioVersion = 10.0.40219.1
Project("{FAE04EC0-301F-11D3-BF4B-00C04F79EFBC}") = "ContextEditor10", "ContextEditor10.csproj", "{C92FDEB3-F319-4D3A-AF21-CB3F0DADF8EE}"
EndProject
Global
	GlobalSection(SolutionConfigurationPlatforms) = preSolution
		Debug|Any CPU = Debug|Any CPU
		Release|Any CPU = Release|Any CPU
	EndGlobalSection
	GlobalSection(ProjectConfigurationPlatforms) = postSolution
		{C92FDEB3-F319-4D3A-AF21-CB3F0DADF8EE}.Debug|Any CPU.ActiveCfg = Debug|Any CPU
		{C92FDEB3-F319-4D3A-AF21-CB3F0DADF8EE}.Debug|Any CPU.Build.0 = Debug|Any CPU
		{C92FDEB3-F319-4D3A-AF21-CB3F0DADF8EE}.Release|Any CPU.ActiveCfg = Release|Any CPU
		{C92FDEB3-F319-4D3A-AF21-CB3F0DADF8EE}.Release|Any CPU.Build.0 = Release|Any CPU
	EndGlobalSection
	GlobalSection(SolutionProperties) = preSolution
		HideSolutionNode = FALSE
	EndGlobalSection
	GlobalSection(ExtensibilityGlobals) = postSolution
		SolutionGuid = {B2734A3C-11FF-4130-9115-73F9D38B7111}
	EndGlobalSection
EndGlobal
